# This file is automatically @generated by Poetry 2.2.1 and should not be changed by hand.

[[package]]
name = "fsrs"
version = "6.3.0"
description = "Free Spaced Repetition Scheduler"
optional = false
python-versions = ">=3.10"
groups = ["main"]
files = [
    {file = "fsrs-6.3.0-py3-none-any.whl", hash = "sha256:deb2b613c917651a48ec90dfde3b1c8808d136f8ae78ffdcc00a5ddb216db78e"},
    {file = "fsrs-6.3.0.tar.gz", hash = "sha256:3abbafd66469ebf58d35a5d5bb693a492e1db44232e09aa8e4d731bf047cd0ae"},
]

[package.dependencies]
typing-extensions = "*"

[package.extras]
dev = ["numpy", "pandas", "pdoc", "pytest", "pytest-cov", "pytest-xdist", "ruff", "setuptools", "torch", "tqdm", "ty", "uv"]
optimizer = ["numpy", "pandas", "torch", "tqdm"]

[[package]]
name = "typing-extensions"
version = "4.15.0"
description = "Backported and Experimental Type Hints for Python 3.9+"
optional = false
python-versions = ">=3.9"
groups = ["main"]
files = [
    {file = "typing_extensions-4.15.0-py3-none-any.whl", hash = "sha256:f0fa19c6845758ab08074a0cfa8b7aecb71c999ca73d62883bc25cc018c4e548"},
    {file = "typing_extensions-4.15.0.tar.gz", hash = "sha256:0cea48d173cc12fa28ecabc3b837ea3cf6f38c6d1136f85cbaaf598984861466"},
]

[metadata]
lock-version = "2.1"
python-versions = ">=3.10"
content-hash = "28fbb07da01b475d054c282f1b99836b3439255cd6d5b85958c946cd8e2769d3"
